{
    "_meta": {
        "hash": {
            "sha256": "57c06801de789277bd31cb9efded346591a4d156eabe69b52a72bfd0be89966e"
        },
        "pipfile-spec": 6,
        "requires": {
            "python_version": "3.7"
        },
        "sources": [
            {
                "name": "pypi",
                "url": "https://pypi.org/simple",
                "verify_ssl": true
            }
        ]
    },
    "default": {
        "beautifulsoup4": {
            "hashes": [
                "sha256:4c98143716ef1cb40bf7f39a8e3eec8f8b009509e74904ba3a7b315431577e35",
                "sha256:84729e322ad1d5b4d25f805bfa05b902dd96450f43842c4e99067d5e1369eb25",
                "sha256:fff47e031e34ec82bf17e00da8f592fe7de69aeea38be00523c04623c04fb666"
            ],
            "version": "==4.9.3"
        },
        "pyqt5": {
            "hashes": [
                "sha256:4d51a245d64fbd85c77ba3dee12b8fe018a440ccb49fd1cb0e4587c360655d3c",
                "sha256:70954a2d182c8634e3b5f9deeb4230f186b59ec1166f3142cb523b74876c0d98",
                "sha256:aa75b829cd977ca796262fcfe0dc8fc72f8413da4e5e2795e63897e1abfd2258",
                "sha256:afbee0925439124b5c52dacaf9a6d8d4e160e36b636a6f9023832a696e15e3e9"
            ],
            "version": "==5.13.0"
        },
        "pyqt5-sip": {
            "hashes": [
                "sha256:0c05e357c8b781458cebb120e84aae0dad9ffc9a8742959e8564d372c1a4fb9a",
                "sha256:0d76935d8a0115868fd10599c9c58adb1293e76f5fa9740b6e5e205be55ae5f1",
                "sha256:10fa57551cea3d06604c4bcb7f24bf4d0f1f2d11021f6c4de0f880e5e4bd1e77",
                "sha256:41c1ff4859ef9b8b7db4c6a09229471378dfe7095cf96ad2c1ea4d6753340d20",
                "sha256:4db3f0b1b63311780158d467cfb61be0fbf189141dd5f5ce597e0faeb8f227eb",
                "sha256:5db5fdd2280d17c669e337f5ab9a8f0b1091028b9c2a97541aff6e59571e469c",
                "sha256:5e8bcb8bbc3b83d4d6142d2c3188e06bd6062bab132e240b8da42fb80e6dd3ba",
                "sha256:7caca9ab0639ecc187e716c07edd285da314ad30f3ec729bcc6b62ea62171cf5",
                "sha256:8ed141db021103d9c196f6f297e39b3ade1b06f0ebbd3fe7e9101fac6e8974dd",
                "sha256:9d5e33850c5566f4e2da9c244e7f2beb87cab980567d4df902c2953308271df7",
                "sha256:a373e19e3679408bf0cee0a6591360e6d3383498b1d75ce8f303ab658f1914d5",
                "sha256:aab3d79ad9c7b6652f7d740b27c672dc9e6a21311b68f9fbbe33d8fdd086c73e",
                "sha256:b62a4aced469e9bcec88450e2a00df31d754c82b97457cd611615807526682ff",
                "sha256:c1e1d6e1496a17e025f66a258e8c4011c4da223937789dbf2d0279516c948fdc",
                "sha256:d949b067ff499bf8df132f5ccb5dba48a0b17285903eb4d5210f55c14da7cc10",
                "sha256:dcadf1593b5891ddb21df4ac943d720d9da22be2a686ad73621ca86d1f72dafe"
            ],
            "version": "==4.19.17"
        },
        "soupsieve": {
            "hashes": [
                "sha256:1634eea42ab371d3d346309b93df7870a88610f0725d47528be902a0d95ecc55",
                "sha256:a59dc181727e95d25f781f0eb4fd1825ff45590ec8ff49eadfd7f1a537cc0232"
            ],
            "version": "==2.0.1"
        }
    },
    "develop": {
        "atomicwrites": {
            "hashes": [
                "sha256:6d1784dea7c0c8d4a5172b6c620f40b6e4cbfdf96d783691f2e1302a7b88e197",
                "sha256:ae70396ad1a434f9c7046fd2dd196fc04b12f9e91ffb859164193be8b6168a7a"
            ],
            "version": "==1.4.0"
        },
        "attrs": {
            "hashes": [
                "sha256:31b2eced602aa8423c2aea9c76a724617ed67cf9513173fd3a4f03e3a929c7e6",
                "sha256:832aa3cde19744e49938b91fea06d69ecb9e649c93ba974535d08ad92164f700"
            ],
            "version": "==20.3.0"
        },
        "certifi": {
            "hashes": [
                "sha256:1a4995114262bffbc2413b159f2a1a480c969de6e6eb13ee966d470af86af59c",
                "sha256:719a74fb9e33b9bd44cc7f3a8d94bc35e4049deebe19ba7d8e108280cfd59830"
            ],
            "version": "==2020.12.5"
        },
        "chardet": {
            "hashes": [
                "sha256:84ab92ed1c4d4f16916e05906b6b75a6c0fb5db821cc65e70cbd64a3e2a5eaae",
                "sha256:fc323ffcaeaed0e0a02bf4d117757b98aed530d9ed4531e3e15460124c106691"
            ],
            "version": "==3.0.4"
        },
        "click": {
            "hashes": [
                "sha256:d2b5255c7c6349bc1bd1e59e08cd12acbbd63ce649f2588755783aa94dfb6b1a",
                "sha256:dacca89f4bfadd5de3d7489b7c8a566eee0d3676333fbb50030263894c38c0dc"
            ],
            "version": "==7.1.2"
        },
        "colorama": {
            "hashes": [
                "sha256:5941b2b48a20143d2267e95b1c2a7603ce057ee39fd88e7329b0c292aa16869b",
                "sha256:9f47eda37229f68eee03b24b9748937c7dc3868f906e8ba69fbcbdd3bc5dc3e2"
            ],
            "version": "==0.4.4"
        },
        "colorlog": {
            "hashes": [
                "sha256:54e5f153419c22afc283c130c4201db19a3dbd83221a0f4657d5ee66234a2ea4",
                "sha256:edd5ada5de03e880e42b2526f8be5570fd9b692f8eb7cf6b1fdcac3e3fb23976"
            ],
            "version": "==4.6.2"
        },
        "coverage": {
            "hashes": [
                "sha256:0203acd33d2298e19b57451ebb0bed0ab0c602e5cf5a818591b4918b1f97d516",
                "sha256:0f313707cdecd5cd3e217fc68c78a960b616604b559e9ea60cc16795c4304259",
                "sha256:1c6703094c81fa55b816f5ae542c6ffc625fec769f22b053adb42ad712d086c9",
                "sha256:1d44bb3a652fed01f1f2c10d5477956116e9b391320c94d36c6bf13b088a1097",
                "sha256:280baa8ec489c4f542f8940f9c4c2181f0306a8ee1a54eceba071a449fb870a0",
                "sha256:29a6272fec10623fcbe158fdf9abc7a5fa032048ac1d8631f14b50fbfc10d17f",
                "sha256:2b31f46bf7b31e6aa690d4c7a3d51bb262438c6dcb0d528adde446531d0d3bb7",
                "sha256:2d43af2be93ffbad25dd959899b5b809618a496926146ce98ee0b23683f8c51c",
                "sha256:381ead10b9b9af5f64646cd27107fb27b614ee7040bb1226f9c07ba96625cbb5",
                "sha256:47a11bdbd8ada9b7ee628596f9d97fbd3851bd9999d398e9436bd67376dbece7",
                "sha256:4d6a42744139a7fa5b46a264874a781e8694bb32f1d76d8137b68138686f1729",
                "sha256:50691e744714856f03a86df3e2bff847c2acede4c191f9a1da38f088df342978",
                "sha256:530cc8aaf11cc2ac7430f3614b04645662ef20c348dce4167c22d99bec3480e9",
                "sha256:582ddfbe712025448206a5bc45855d16c2e491c2dd102ee9a2841418ac1c629f",
                "sha256:63808c30b41f3bbf65e29f7280bf793c79f54fb807057de7e5238ffc7cc4d7b9",
                "sha256:71b69bd716698fa62cd97137d6f2fdf49f534decb23a2c6fc80813e8b7be6822",
                "sha256:7858847f2d84bf6e64c7f66498e851c54de8ea06a6f96a32a1d192d846734418",
                "sha256:78e93cc3571fd928a39c0b26767c986188a4118edc67bc0695bc7a284da22e82",
                "sha256:7f43286f13d91a34fadf61ae252a51a130223c52bfefb50310d5b2deb062cf0f",
                "sha256:86e9f8cd4b0cdd57b4ae71a9c186717daa4c5a99f3238a8723f416256e0b064d",
                "sha256:8f264ba2701b8c9f815b272ad568d555ef98dfe1576802ab3149c3629a9f2221",
                "sha256:9342dd70a1e151684727c9c91ea003b2fb33523bf19385d4554f7897ca0141d4",
                "sha256:9361de40701666b034c59ad9e317bae95c973b9ff92513dd0eced11c6adf2e21",
                "sha256:9669179786254a2e7e57f0ecf224e978471491d660aaca833f845b72a2df3709",
                "sha256:aac1ba0a253e17889550ddb1b60a2063f7474155465577caa2a3b131224cfd54",
                "sha256:aef72eae10b5e3116bac6957de1df4d75909fc76d1499a53fb6387434b6bcd8d",
                "sha256:bd3166bb3b111e76a4f8e2980fa1addf2920a4ca9b2b8ca36a3bc3dedc618270",
                "sha256:c1b78fb9700fc961f53386ad2fd86d87091e06ede5d118b8a50dea285a071c24",
                "sha256:c3888a051226e676e383de03bf49eb633cd39fc829516e5334e69b8d81aae751",
                "sha256:c5f17ad25d2c1286436761b462e22b5020d83316f8e8fcb5deb2b3151f8f1d3a",
                "sha256:c851b35fc078389bc16b915a0a7c1d5923e12e2c5aeec58c52f4aa8085ac8237",
                "sha256:cb7df71de0af56000115eafd000b867d1261f786b5eebd88a0ca6360cccfaca7",
                "sha256:cedb2f9e1f990918ea061f28a0f0077a07702e3819602d3507e2ff98c8d20636",
                "sha256:e8caf961e1b1a945db76f1b5fa9c91498d15f545ac0ababbe575cfab185d3bd8"
            ],
            "version": "==5.3"
        },
        "decorator": {
            "hashes": [
                "sha256:41fa54c2a0cc4ba648be4fd43cff00aedf5b9465c9bf18d64325bc225f08f760",
                "sha256:e3a62f0520172440ca0dcc823749319382e377f37f140a0b99ef45fecb84bfe7"
            ],
            "version": "==4.4.2"
        },
        "entrypoints": {
            "hashes": [
                "sha256:589f874b313739ad35be6e0cd7efde2a4e9b6fea91edcc34e58ecbb8dbe56d19",
                "sha256:c70dd71abe5a8c85e55e12c19bd91ccfeec11a6e99044204511f9ed547d48451"
            ],
            "version": "==0.3"
        },
        "filelock": {
            "hashes": [
                "sha256:18d82244ee114f543149c66a6e0c14e9c4f8a1044b5cdaadd0f82159d6a6ff59",
                "sha256:929b7d63ec5b7d6b71b0fa5ac14e030b3f70b75747cef1b10da9b879fef15836"
            ],
            "version": "==3.0.12"
        },
        "flake8": {
            "hashes": [
                "sha256:749dbbd6bfd0cf1318af27bf97a14e28e5ff548ef8e5b1566ccfb25a11e7c839",
                "sha256:aadae8761ec651813c24be05c6f7b4680857ef6afaae4651a4eccaef97ce6c3b"
            ],
            "version": "==3.8.4"
        },
        "flake8-bugbear": {
            "hashes": [
                "sha256:528020129fea2dea33a466b9d64ab650aa3e5f9ffc788b70ea4bc6cf18283538",
                "sha256:f35b8135ece7a014bc0aee5b5d485334ac30a6da48494998cc1fabf7ec70d703"
            ],
            "version": "==20.11.1"
        },
        "flake8-polyfill": {
            "hashes": [
                "sha256:12be6a34ee3ab795b19ca73505e7b55826d5f6ad7230d31b18e106400169b9e9",
                "sha256:e44b087597f6da52ec6393a709e7108b2905317d0c0b744cdca6208e670d8eda"
            ],
            "version": "==1.0.2"
        },
        "flake8-pyi": {
            "hashes": [
                "sha256:cee3b20a5123152c697870e7e800b60e3c95eb89e272a2b63d8cf55cafb0472c",
                "sha256:ff5dfc40bffa878f6ce95bcfd9a6ad14c44b85cbe99c4864e729301bf54267f0"
            ],
            "version": "==20.10.0"
        },
        "future": {
            "hashes": [
                "sha256:b1bead90b70cf6ec3f0710ae53a525360fa360d306a86583adc6bf83a4db537d"
            ],
            "version": "==0.18.2"
        },
        "gitdb2": {
            "hashes": [],
            "version": "==4.0.1"
        },
        "gitpython": {
            "hashes": [
                "sha256:6eea89b655917b500437e9668e4a12eabdcf00229a0df1762aabd692ef9b746b",
                "sha256:befa4d101f91bad1b632df4308ec64555db684c360bd7d2130b4807d49ce86b8"
            ],
            "version": "==3.1.11"
        },
        "idna": {
            "hashes": [
                "sha256:b307872f855b18632ce0c21c5e45be78c0ea7ae4c15c828c20788b26921eb3f6",
                "sha256:b97d804b1e9b523befed77c48dacec60e6dcb0b5391d57af6a65a312a90648c0"
            ],
            "version": "==2.10"
        },
        "importlib-metadata": {
            "hashes": [
                "sha256:6112e21359ef8f344e7178aa5b72dc6e62b38b0d008e6d3cb212c5b84df72013",
                "sha256:b0c2d3b226157ae4517d9625decf63591461c66b3a808c2666d538946519d170"
            ],
            "version": "==3.1.1"
        },
        "ipython-genutils": {
            "hashes": [
                "sha256:72dd37233799e619666c9f639a9da83c34013a73e8bbc79a7a6348d93c61fab8",
                "sha256:eb2e116e75ecef9d4d228fdc66af54269afa26ab4463042e33785b887c628ba8"
            ],
            "version": "==0.2.0"
        },
        "isort": {
            "hashes": [
                "sha256:dcab1d98b469a12a1a624ead220584391648790275560e1a43e54c5dceae65e7",
                "sha256:dcaeec1b5f0eca77faea2a35ab790b4f3680ff75590bfcb7145986905aab2f58"
            ],
            "version": "==5.6.4"
        },
        "jsonschema": {
            "hashes": [
                "sha256:4e5b3cf8216f577bee9ce139cbe72eca3ea4f292ec60928ff24758ce626cd163",
                "sha256:c8a85b28d377cc7737e46e2d9f2b4f44ee3c0e1deac6bf46ddefc7187d30797a"
            ],
            "version": "==3.2.0"
        },
        "jupyter-core": {
            "hashes": [
                "sha256:0a451c9b295e4db772bdd8d06f2f1eb31caeec0e81fbb77ba37d4a3024e3b315",
                "sha256:aa1f9496ab3abe72da4efe0daab0cb2233997914581f9a071e07498c6add8ed3"
            ],
            "version": "==4.7.0"
        },
        "mando": {
            "hashes": [
                "sha256:5306a91109096fe2e204a1f5ae141038842193f7210a7930c8ee73ccb7ecbf62",
                "sha256:58069aa9b00f99ca3ac89b012f1cefb20896134b18e850e221362745d96f70db"
            ],
            "version": "==0.7.0"
        },
        "mccabe": {
            "hashes": [
                "sha256:ab8a6258860da4b6677da4bd2fe5dc2c659cff31b3ee4f7f5d64e79735b80d42",
                "sha256:dd8d182285a0fe56bace7f45b5e7d1a6ebcbf524e8f3bd87eb0f125271b8831f"
            ],
            "version": "==0.6.1"
        },
        "more-itertools": {
            "hashes": [
                "sha256:8e1a2a43b2f2727425f2b5839587ae37093f19153dc26c0927d1048ff6557330",
                "sha256:b3a9005928e5bed54076e6e549c792b306fddfe72b2d1d22dd63d42d5d3899cf"
            ],
            "version": "==8.6.0"
        },
        "mypy": {
            "hashes": [
                "sha256:0a0d102247c16ce93c97066443d11e2d36e6cc2a32d8ccc1f705268970479324",
                "sha256:0d34d6b122597d48a36d6c59e35341f410d4abfa771d96d04ae2c468dd201abc",
                "sha256:2170492030f6faa537647d29945786d297e4862765f0b4ac5930ff62e300d802",
                "sha256:2842d4fbd1b12ab422346376aad03ff5d0805b706102e475e962370f874a5122",
                "sha256:2b21ba45ad9ef2e2eb88ce4aeadd0112d0f5026418324176fd494a6824b74975",
                "sha256:72060bf64f290fb629bd4a67c707a66fd88ca26e413a91384b18db3876e57ed7",
                "sha256:af4e9ff1834e565f1baa74ccf7ae2564ae38c8df2a85b057af1dbbc958eb6666",
                "sha256:bd03b3cf666bff8d710d633d1c56ab7facbdc204d567715cb3b9f85c6e94f669",
                "sha256:c614194e01c85bb2e551c421397e49afb2872c88b5830e3554f0519f9fb1c178",
                "sha256:cf4e7bf7f1214826cf7333627cb2547c0db7e3078723227820d0a2490f117a01",
                "sha256:da56dedcd7cd502ccd3c5dddc656cb36113dd793ad466e894574125945653cea",
                "sha256:e86bdace26c5fe9cf8cb735e7cedfe7850ad92b327ac5d797c656717d2ca66de",
                "sha256:e97e9c13d67fbe524be17e4d8025d51a7dca38f90de2e462243ab8ed8a9178d1",
                "sha256:eea260feb1830a627fb526d22fbb426b750d9f5a47b624e8d5e7e004359b219c"
            ],
            "version": "==0.790"
        },
        "mypy-extensions": {
            "hashes": [
                "sha256:090fedd75945a69ae91ce1303b5824f428daf5a028d2f6ab8a299250a846f15d",
                "sha256:2d82818f5bb3e369420cb3c4060a7970edba416647068eb4c5343488a6c604a8"
            ],
            "version": "==0.4.3"
        },
        "nbformat": {
            "hashes": [
                "sha256:aa9450c16d29286dc69b92ea4913c1bffe86488f90184445996ccc03a2f60382",
                "sha256:f545b22138865bfbcc6b1ffe89ed5a2b8e2dc5d4fe876f2ca60d8e6f702a30f8"
            ],
            "version": "==5.0.8"
        },
        "packaging": {
            "hashes": [
                "sha256:05af3bb85d320377db281cf254ab050e1a7ebcbf5410685a9a407e18a1f81236",
                "sha256:eb41423378682dadb7166144a4926e443093863024de508ca5c9737d6bc08376"
            ],
            "version": "==20.7"
        },
        "plotly": {
            "hashes": [
                "sha256:d726cfb42618316fadb0cd1505ea6d0c53052d98f484a9ecac9affd9217f99f9",
                "sha256:e7d2336eae9a8aec79d14982e59d7da6da1aeb824f6c2d4952a52484a5824908"
            ],
            "version": "==4.14.0"
        },
        "pluggy": {
            "hashes": [
                "sha256:15b2acde666561e1298d71b523007ed7364de07029219b604cf808bfa1c765b0",
                "sha256:966c145cd83c96502c3c3868f50408687b38434af77734af1e9ca461a4081d2d"
            ],
            "version": "==0.13.1"
        },
        "progress": {
            "hashes": [
                "sha256:69ecedd1d1bbe71bf6313d88d1e6c4d2957b7f1d4f71312c211257f7dae64372"
            ],
            "version": "==1.5"
        },
        "py": {
            "hashes": [
                "sha256:366389d1db726cd2fcfc79732e75410e5fe4d31db13692115529d34069a043c2",
                "sha256:9ca6883ce56b4e8da7e79ac18787889fa5206c79dcc67fb065376cd2fe03f342"
            ],
            "version": "==1.9.0"
        },
        "pycodestyle": {
            "hashes": [
                "sha256:2295e7b2f6b5bd100585ebcb1f616591b652db8a741695b3d8f5d28bdc934367",
                "sha256:c58a7d2815e0e8d7972bf1803331fb0152f867bd89adf8a01dfd55085434192e"
            ],
            "version": "==2.6.0"
        },
        "pyflakes": {
            "hashes": [
                "sha256:0d94e0e05a19e57a99444b6ddcf9a6eb2e5c68d3ca1e98e90707af8152c90a92",
                "sha256:35b2d75ee967ea93b55750aa9edbbf72813e06a66ba54438df2cfac9e3c27fc8"
            ],
            "version": "==2.2.0"
        },
        "pyparsing": {
            "hashes": [
                "sha256:c203ec8783bf771a155b207279b9bccb8dea02d8f0c9e5f8ead507bc3246ecc1",
                "sha256:ef9d7589ef3c200abe66653d3f1ab1033c3c419ae9b9bdb1240a85b024efc88b"
            ],
            "version": "==2.4.7"
        },
        "pyqt5": {
            "hashes": [
                "sha256:4d51a245d64fbd85c77ba3dee12b8fe018a440ccb49fd1cb0e4587c360655d3c",
                "sha256:70954a2d182c8634e3b5f9deeb4230f186b59ec1166f3142cb523b74876c0d98",
                "sha256:aa75b829cd977ca796262fcfe0dc8fc72f8413da4e5e2795e63897e1abfd2258",
                "sha256:afbee0925439124b5c52dacaf9a6d8d4e160e36b636a6f9023832a696e15e3e9"
            ],
            "version": "==5.13.0"
        },
        "pyqt5-sip": {
            "hashes": [
                "sha256:0c05e357c8b781458cebb120e84aae0dad9ffc9a8742959e8564d372c1a4fb9a",
                "sha256:0d76935d8a0115868fd10599c9c58adb1293e76f5fa9740b6e5e205be55ae5f1",
                "sha256:10fa57551cea3d06604c4bcb7f24bf4d0f1f2d11021f6c4de0f880e5e4bd1e77",
                "sha256:41c1ff4859ef9b8b7db4c6a09229471378dfe7095cf96ad2c1ea4d6753340d20",
                "sha256:4db3f0b1b63311780158d467cfb61be0fbf189141dd5f5ce597e0faeb8f227eb",
                "sha256:5db5fdd2280d17c669e337f5ab9a8f0b1091028b9c2a97541aff6e59571e469c",
                "sha256:5e8bcb8bbc3b83d4d6142d2c3188e06bd6062bab132e240b8da42fb80e6dd3ba",
                "sha256:7caca9ab0639ecc187e716c07edd285da314ad30f3ec729bcc6b62ea62171cf5",
                "sha256:8ed141db021103d9c196f6f297e39b3ade1b06f0ebbd3fe7e9101fac6e8974dd",
                "sha256:9d5e33850c5566f4e2da9c244e7f2beb87cab980567d4df902c2953308271df7",
                "sha256:a373e19e3679408bf0cee0a6591360e6d3383498b1d75ce8f303ab658f1914d5",
                "sha256:aab3d79ad9c7b6652f7d740b27c672dc9e6a21311b68f9fbbe33d8fdd086c73e",
                "sha256:b62a4aced469e9bcec88450e2a00df31d754c82b97457cd611615807526682ff",
                "sha256:c1e1d6e1496a17e025f66a258e8c4011c4da223937789dbf2d0279516c948fdc",
                "sha256:d949b067ff499bf8df132f5ccb5dba48a0b17285903eb4d5210f55c14da7cc10",
                "sha256:dcadf1593b5891ddb21df4ac943d720d9da22be2a686ad73621ca86d1f72dafe"
            ],
            "version": "==4.19.17"
        },
        "pyqt5-stubs": {
            "hashes": [
                "sha256:070afa9557a886363146794623f85141ae5aef12408b8335fa583507f5207cb7"
            ],
            "index": "pypi",
            "version": "==5.12.1.0"
        },
        "pyrsistent": {
            "hashes": [
                "sha256:2e636185d9eb976a18a8a8e96efce62f2905fea90041958d8cc2a189756ebf3e"
            ],
            "version": "==0.17.3"
        },
        "pytest": {
            "hashes": [
                "sha256:4288fed0d9153d9646bfcdf0c0428197dba1ecb27a33bb6e031d002fa88653fe",
                "sha256:c0a7e94a8cdbc5422a51ccdad8e6f1024795939cc89159a0ae7f0b316ad3823e"
            ],
            "version": "==6.1.2"
        },
        "pytest-cov": {
            "hashes": [
                "sha256:45ec2d5182f89a81fc3eb29e3d1ed3113b9e9a873bcddb2a71faaab066110191",
                "sha256:47bd0ce14056fdd79f93e1713f88fad7bdcc583dcd7783da86ef2f085a0bb88e"
            ],
            "version": "==2.10.1"
        },
        "pytest-mock": {
            "hashes": [
                "sha256:024e405ad382646318c4281948aadf6fe1135632bea9cc67366ea0c4098ef5f2",
                "sha256:a4d6d37329e4a893e77d9ffa89e838dd2b45d5dc099984cf03c703ac8411bb82"
            ],
            "version": "==3.3.1"
        },
        "pytz": {
            "hashes": [
                "sha256:3e6b7dd2d1e0a59084bcee14a17af60c5c562cdc16d828e8eba2e683d3a7e268",
                "sha256:5c55e189b682d420be27c6995ba6edce0c0a77dd67bfbe2ae6607134d5851ffd"
            ],
            "version": "==2020.4"
        },
        "radon": {
            "hashes": [
                "sha256:758b3ab345aa86e95f642713612a57da7c7da6d552c4dbfbe397a67601ace7dd",
                "sha256:b991de491eb2edbc2aac8f5f7ebf02b799852f076fa5a73fedf79d144d85e37e"
            ],
            "version": "==4.3.2"
        },
        "requests": {
            "hashes": [
                "sha256:7f1a0b932f4a60a1a65caa4263921bb7d9ee911957e0ae4a23a6dd08185ad5f8",
                "sha256:e786fa28d8c9154e6a4de5d46a1d921b8749f8b74e28bde23768e5e16eece998"
            ],
            "version": "==2.25.0"
        },
        "retrying": {
            "hashes": [
                "sha256:08c039560a6da2fe4f2c426d0766e284d3b736e355f8dd24b37367b0bb41973b"
            ],
            "version": "==1.3.3"
        },
        "six": {
            "hashes": [
                "sha256:30639c035cdb23534cd4aa2dd52c3bf48f06e5f4a941509c8bafd8ce11080259",
                "sha256:8b74bedcbbbaca38ff6d7491d76f2b06b3592611af620f8426e82dddb04a5ced"
            ],
            "version": "==1.15.0"
        },
        "smmap2": {
            "hashes": [],
            "version": "==3.0.0"
        },
        "tabulate": {
            "hashes": [
                "sha256:ac64cb76d53b1231d364babcd72abbb16855adac7de6665122f97b593f1eb2ba",
                "sha256:db2723a20d04bcda8522165c73eea7c300eda74e0ce852d9022e0159d7895007"
            ],
            "version": "==0.8.7"
        },
        "toml": {
            "hashes": [
                "sha256:806143ae5bfb6a3c6e736a764057db0e6a0e05e338b5630894a5f779cabb4f9b",
                "sha256:b3bda1d108d5dd99f4a20d24d9c348e91c4db7ab1b749200bded2f839ccbe68f"
            ],
            "version": "==0.10.2"
        },
        "tox": {
            "hashes": [
                "sha256:dab0b0160dd187b654fc33d690ee1d7bf328bd5b8dc6ef3bb3cc468969c659ba",
                "sha256:ee35ffce74933a6c6ac10c9a0182e41763140a5a5070e21b114feca56eaccdcd"
            ],
            "index": "pypi",
            "version": "==3.13.2"
        },
        "traitlets": {
            "hashes": [
                "sha256:9c4bd2d267b7153df9152698efb1050a5d84982d3384a37b2c1f7723ba3e7835",
                "sha256:c6cb5e6f57c5a9bdaa40fa71ce7b4af30298fbab9ece9815b5d995ab6217c7d9"
            ],
            "version": "==4.3.2"
        },
        "typed-ast": {
            "hashes": [
                "sha256:18511a0b3e7922276346bcb47e2ef9f38fb90fd31cb9223eed42c85d1312344e",
                "sha256:262c247a82d005e43b5b7f69aff746370538e176131c32dda9cb0f324d27141e",
                "sha256:2b907eb046d049bcd9892e3076c7a6456c93a25bebfe554e931620c90e6a25b0",
                "sha256:354c16e5babd09f5cb0ee000d54cfa38401d8b8891eefa878ac772f827181a3c",
                "sha256:4e0b70c6fc4d010f8107726af5fd37921b666f5b31d9331f0bd24ad9a088e631",
                "sha256:630968c5cdee51a11c05a30453f8cd65e0cc1d2ad0d9192819df9978984529f4",
                "sha256:66480f95b8167c9c5c5c87f32cf437d585937970f3fc24386f313a4c97b44e34",
                "sha256:71211d26ffd12d63a83e079ff258ac9d56a1376a25bc80b1cdcdf601b855b90b",
                "sha256:95bd11af7eafc16e829af2d3df510cecfd4387f6453355188342c3e79a2ec87a",
                "sha256:bc6c7d3fa1325a0c6613512a093bc2a2a15aeec350451cbdf9e1d4bffe3e3233",
                "sha256:cc34a6f5b426748a507dd5d1de4c1978f2eb5626d51326e43280941206c209e1",
                "sha256:d755f03c1e4a51e9b24d899561fec4ccaf51f210d52abdf8c07ee2849b212a36",
                "sha256:d7c45933b1bdfaf9f36c579671fec15d25b06c8398f113dab64c18ed1adda01d",
                "sha256:d896919306dd0aa22d0132f62a1b78d11aaf4c9fc5b3410d3c666b818191630a",
                "sha256:ffde2fbfad571af120fcbfbbc61c72469e72f550d676c3342492a9dfdefb8f12"
            ],
            "version": "==1.4.0"
        },
        "urllib3": {
            "hashes": [
                "sha256:b246607a25ac80bedac05c6f282e3cdaf3afb65420fd024ac94435cabe6e18d1",
                "sha256:dbe59173209418ae49d485b87d1681aefa36252ee85884c31346debd19463232"
            ],
            "version": "==1.25.3"
        },
        "virtualenv": {
            "hashes": [
                "sha256:94a6898293d07f84a98add34c4df900f8ec64a570292279f6d91c781d37fd305",
                "sha256:f6fc312c031f2d2344f885de114f1cb029dfcffd26aa6e57d2ee2296935c4e7d"
            ],
            "version": "==16.7.4"
        },
        "wcwidth": {
            "hashes": [
                "sha256:3df37372226d6e63e1b1e1eda15c594bca98a22d33a23832a90998faa96bc65e",
                "sha256:f4ebe71925af7b40a864553f761ed559b43544f8f71746c2d756c7fe788ade7c"
            ],
            "version": "==0.1.7"
        },
        "wily": {
            "hashes": [
                "sha256:3c9a9f931d051ca7874df035c0518aa67569ac68da06c6cca0823626277130b9",
                "sha256:e13810f60cb436b7dc0aa6a70a584db297bbecf8553ba2981b822e4160d06ba4"
            ],
            "index": "pypi",
            "version": "==1.12.2"
        },
        "zipp": {
            "hashes": [
                "sha256:3718b1cbcd963c7d4c5511a8240812904164b7f381b647143a89d3b98f9bcd8e",
                "sha256:f06903e9f1f43b12d371004b4ac7b06ab39a44adc747266928ae6debfa7b3335"
            ],
            "version": "==0.6.0"
        }
    }
}
