{
    "_meta": {
        "hash": {
            "sha256": "57c06801de789277bd31cb9efded346591a4d156eabe69b52a72bfd0be89966e"
        },
        "pipfile-spec": 6,
        "requires": {
            "python_version": "3.7"
        },
        "sources": [
            {
                "name": "pypi",
                "url": "https://pypi.org/simple",
                "verify_ssl": true
            }
        ]
    },
    "default": {
        "beautifulsoup4": {
            "hashes": [],
            "version": "==4.12.2"
        },
        "pyqt5": {
            "hashes": [],
            "version": "==5.15.10"
        },
        "pyqt5-sip": {
            "hashes": [],
            "version": "==12.13.0"
        },
        "soupsieve": {
            "hashes": [],
            "version": "==2.5"
        }
    },
    "develop": {
        "atomicwrites": {
            "hashes": [],
            "version": "==1.4.1"
        },
        "attrs": {
            "hashes": [],
            "version": "==23.2.0"
        },
        "certifi": {
            "hashes": [],
            "version": "==2023.11.17"
        },
        "chardet": {
            "hashes": [],
            "version": "==5.2.0"
        },
        "click": {
            "hashes": [],
            "version": "==8.1.7"
        },
        "colorama": {
            "hashes": [],
            "version": "==0.4.6"
        },
        "colorlog": {
            "hashes": [],
            "version": "==6.8.0"
        },
        "coverage": {
            "hashes": [],
            "version": "==7.4.0"
        },
        "decorator": {
            "hashes": [],
            "version": "==5.1.1"
        },
        "entrypoints": {
            "hashes": [],
            "version": "==0.4"
        },
        "filelock": {
            "hashes": [],
            "version": "==3.13.1"
        },
        "flake8": {
            "hashes": [],
            "version": "==6.1.0"
        },
        "flake8-bugbear": {
            "hashes": [],
            "version": "==23.12.2"
        },
        "flake8-polyfill": {
            "hashes": [
                "sha256:12be6a34ee3ab795b19ca73505e7b55826d5f6ad7230d31b18e106400169b9e9",
                "sha256:e44b087597f6da52ec6393a709e7108b2905317d0c0b744cdca6208e670d8eda"
            ],
            "version": "==1.0.2"
        },
        "flake8-pyi": {
            "hashes": [],
            "version": "==23.11.0"
        },
        "future": {
            "hashes": [],
            "version": "==0.18.3"
        },
        "gitdb2": {
            "hashes": [],
            "version": "==4.0.2"
        },
        "gitpython": {
            "hashes": [],
            "version": "==3.1.40"
        },
        "idna": {
            "hashes": [],
            "version": "==3.6"
        },
        "importlib-metadata": {
            "hashes": [],
            "version": "==7.0.1"
        },
        "ipython-genutils": {
            "hashes": [
                "sha256:72dd37233799e619666c9f639a9da83c34013a73e8bbc79a7a6348d93c61fab8",
                "sha256:eb2e116e75ecef9d4d228fdc66af54269afa26ab4463042e33785b887c628ba8"
            ],
            "version": "==0.2.0"
        },
        "isort": {
            "hashes": [],
            "version": "==5.13.2"
        },
        "jsonschema": {
            "hashes": [],
            "version": "==4.20.0"
        },
        "jupyter-core": {
            "hashes": [],
            "version": "==5.6.0"
        },
        "mando": {
            "hashes": [],
            "version": "==0.7.1"
        },
        "mccabe": {
            "hashes": [],
            "version": "==0.7.0"
        },
        "more-itertools": {
            "hashes": [],
            "version": "==10.1.0"
        },
        "mypy": {
            "hashes": [],
            "version": "==1.8.0"
        },
        "mypy-extensions": {
            "hashes": [],
            "version": "==1.0.0"
        },
        "nbformat": {
            "hashes": [],
            "version": "==5.9.2"
        },
        "packaging": {
            "hashes": [],
            "version": "==23.2"
        },
        "plotly": {
            "hashes": [],
            "version": "==5.18.0"
        },
        "pluggy": {
            "hashes": [],
            "version": "==1.3.0"
        },
        "progress": {
            "hashes": [],
            "version": "==1.6"
        },
        "py": {
            "hashes": [],
            "version": "==1.11.0"
        },
        "pycodestyle": {
            "hashes": [],
            "version": "==2.11.1"
        },
        "pyflakes": {
            "hashes": [],
            "version": "==3.1.0"
        },
        "pyparsing": {
            "hashes": [],
            "version": "==3.1.1"
        },
        "pyqt5": {
            "hashes": [],
            "version": "==5.15.10"
        },
        "pyqt5-sip": {
            "hashes": [],
            "version": "==12.13.0"
        },
        "pyqt5-stubs": {
            "hashes": [],
            "version": "==5.15.6.0"
        },
        "pyrsistent": {
            "hashes": [],
            "version": "==0.20.0"
        },
        "pytest": {
            "hashes": [],
            "version": "==7.4.4"
        },
        "pytest-cov": {
            "hashes": [],
            "version": "==4.1.0"
        },
        "pytest-mock": {
            "hashes": [],
            "version": "==3.12.0"
        },
        "pytz": {
            "hashes": [],
            "version": "==2023.3.post1"
        },
        "radon": {
            "hashes": [],
            "version": "==6.0.1"
        },
        "requests": {
            "hashes": [],
            "version": "==2.31.0"
        },
        "retrying": {
            "hashes": [],
            "version": "==1.3.4"
        },
        "six": {
            "hashes": [],
            "version": "==1.16.0"
        },
        "smmap2": {
            "hashes": [],
            "version": "==3.0.1"
        },
        "tabulate": {
            "hashes": [],
            "version": "==0.9.0"
        },
        "toml": {
            "hashes": [],
            "version": "==0.10.2"
        },
        "tox": {
            "hashes": [],
            "version": "==4.11.4"
        },
        "traitlets": {
            "hashes": [
                "sha256:9c4bd2d267b7153df9152698efb1050a5d84982d3384a37b2c1f7723ba3e7835",
                "sha256:c6cb5e6f57c5a9bdaa40fa71ce7b4af30298fbab9ece9815b5d995ab6217c7d9"
            ],
            "version": "==4.3.2"
        },
        "typed-ast": {
            "hashes": [
                "sha256:18511a0b3e7922276346bcb47e2ef9f38fb90fd31cb9223eed42c85d1312344e",
                "sha256:262c247a82d005e43b5b7f69aff746370538e176131c32dda9cb0f324d27141e",
                "sha256:2b907eb046d049bcd9892e3076c7a6456c93a25bebfe554e931620c90e6a25b0",
                "sha256:354c16e5babd09f5cb0ee000d54cfa38401d8b8891eefa878ac772f827181a3c",
                "sha256:4e0b70c6fc4d010f8107726af5fd37921b666f5b31d9331f0bd24ad9a088e631",
                "sha256:630968c5cdee51a11c05a30453f8cd65e0cc1d2ad0d9192819df9978984529f4",
                "sha256:66480f95b8167c9c5c5c87f32cf437d585937970f3fc24386f313a4c97b44e34",
                "sha256:71211d26ffd12d63a83e079ff258ac9d56a1376a25bc80b1cdcdf601b855b90b",
                "sha256:95bd11af7eafc16e829af2d3df510cecfd4387f6453355188342c3e79a2ec87a",
                "sha256:bc6c7d3fa1325a0c6613512a093bc2a2a15aeec350451cbdf9e1d4bffe3e3233",
                "sha256:cc34a6f5b426748a507dd5d1de4c1978f2eb5626d51326e43280941206c209e1",
                "sha256:d755f03c1e4a51e9b24d899561fec4ccaf51f210d52abdf8c07ee2849b212a36",
                "sha256:d7c45933b1bdfaf9f36c579671fec15d25b06c8398f113dab64c18ed1adda01d",
                "sha256:d896919306dd0aa22d0132f62a1b78d11aaf4c9fc5b3410d3c666b818191630a",
                "sha256:ffde2fbfad571af120fcbfbbc61c72469e72f550d676c3342492a9dfdefb8f12"
            ],
            "version": "==1.4.0"
        },
        "urllib3": {
            "hashes": [
                "sha256:b246607a25ac80bedac05c6f282e3cdaf3afb65420fd024ac94435cabe6e18d1",
                "sha256:dbe59173209418ae49d485b87d1681aefa36252ee85884c31346debd19463232"
            ],
            "version": "==1.25.3"
        },
        "virtualenv": {
            "hashes": [
                "sha256:94a6898293d07f84a98add34c4df900f8ec64a570292279f6d91c781d37fd305",
                "sha256:f6fc312c031f2d2344f885de114f1cb029dfcffd26aa6e57d2ee2296935c4e7d"
            ],
            "version": "==16.7.4"
        },
        "wcwidth": {
            "hashes": [
                "sha256:3df37372226d6e63e1b1e1eda15c594bca98a22d33a23832a90998faa96bc65e",
                "sha256:f4ebe71925af7b40a864553f761ed559b43544f8f71746c2d756c7fe788ade7c"
            ],
            "version": "==0.1.7"
        },
        "wily": {
            "hashes": [
                "sha256:3c9a9f931d051ca7874df035c0518aa67569ac68da06c6cca0823626277130b9",
                "sha256:e13810f60cb436b7dc0aa6a70a584db297bbecf8553ba2981b822e4160d06ba4"
            ],
            "index": "pypi",
            "version": "==1.12.2"
        },
        "zipp": {
            "hashes": [
                "sha256:3718b1cbcd963c7d4c5511a8240812904164b7f381b647143a89d3b98f9bcd8e",
                "sha256:f06903e9f1f43b12d371004b4ac7b06ab39a44adc747266928ae6debfa7b3335"
            ],
            "version": "==0.6.0"
        }
    }
}
